
Microsoft Visual Studio Solution File, Format Version 12.00
# Visual Studio Version 17
VisualStudioVersion = 17.9.34607.119
MinimumVisualStudioVersion = 10.0.40219.1
Project("{FAE04EC0-301F-11D3-BF4B-00C04F79EFBC}") = "Phoneword", "Phoneword\Phoneword.csproj", "{AB9180A8-810D-407B-BC65-7D9115336CA9}"
EndProject
Global
	GlobalSection(SolutionConfigurationPlatforms) = preSolution
		Debug|Any CPU = Debug|Any CPU
		Release|Any CPU = Release|Any CPU
	EndGlobalSection
	GlobalSection(ProjectConfigurationPlatforms) = postSolution
		{AB9180A8-810D-407B-BC65-7D9115336CA9}.Debug|Any CPU.ActiveCfg = Debug|Any CPU
		{AB9180A8-810D-407B-BC65-7D9115336CA9}.Debug|Any CPU.Build.0 = Debug|Any CPU
		{AB9180A8-810D-407B-BC65-7D9115336CA9}.Debug|Any CPU.Deploy.0 = Debug|Any CPU
		{AB9180A8-810D-407B-BC65-7D9115336CA9}.Release|Any CPU.ActiveCfg = Release|Any CPU
		{AB9180A8-810D-407B-BC65-7D9115336CA9}.Release|Any CPU.Build.0 = Release|Any CPU
		{AB9180A8-810D-407B-BC65-7D9115336CA9}.Release|Any CPU.Deploy.0 = Release|Any CPU
	EndGlobalSection
	GlobalSection(SolutionProperties) = preSolution
		HideSolutionNode = FALSE
	EndGlobalSection
	GlobalSection(ExtensibilityGlobals) = postSolution
		SolutionGuid = {30648E05-8339-401A-9860-1097A563B2BC}
	EndGlobalSection
EndGlobal
